// !$*UTF8*$!
{
	archiveVersion = 1;
	classes = {
	};
	objectVersion = 56;
	objects = {

/* Begin PBXBuildFile section */
		3FFCCFFB294DFFF700FE6710 /* HttpDogApp.swift in Sources */ = {isa = PBXBuildFile; fileRef = 3FFCCFFA294DFFF700FE6710 /* HttpDogApp.swift */; };
		3FFCCFFD294DFFF700FE6710 /* ContentView.swift in Sources */ = {isa = PBXBuildFile; fileRef = 3FFCCFFC294DFFF700FE6710 /* ContentView.swift */; };
		3FFCCFFF294DFFF700FE6710 /* Assets.xcassets in Resources */ = {isa = PBXBuildFile; fileRef = 3FFCCFFE294DFFF700FE6710 /* Assets.xcassets */; };
		3FFCD003294DFFF700FE6710 /* Preview Assets.xcassets in Resources */ = {isa = PBXBuildFile; fileRef = 3FFCD002294DFFF700FE6710 /* Preview Assets.xcassets */; };
		3FFCD00D294DFFF800FE6710 /* HttpDogTests.swift in Sources */ = {isa = PBXBuildFile; fileRef = 3FFCD00C294DFFF800FE6710 /* HttpDogTests.swift */; };
		3FFCD017294DFFF800FE6710 /* HttpDogUITests.swift in Sources */ = {isa = PBXBuildFile; fileRef = 3FFCD016294DFFF800FE6710 /* HttpDogUITests.swift */; };
		3FFCD019294DFFF800FE6710 /* HttpDogUITestsLaunchTests.swift in Sources */ = {isa = PBXBuildFile; fileRef = 3FFCD018294DFFF800FE6710 /* HttpDogUITestsLaunchTests.swift */; };
/* End PBXBuildFile section */

/* Begin PBXContainerItemProxy section */
		3FFCD009294DFFF800FE6710 /* PBXContainerItemProxy */ = {
			isa = PBXContainerItemProxy;
			containerPortal = 3FFCCFEF294DFFF700FE6710 /* Project object */;
			proxyType = 1;
			remoteGlobalIDString = 3FFCCFF6294DFFF700FE6710;
			remoteInfo = HttpDog;
		};
		3FFCD013294DFFF800FE6710 /* PBXContainerItemProxy */ = {
			isa = PBXContainerItemProxy;
			containerPortal = 3FFCCFEF294DFFF700FE6710 /* Project object */;
			proxyType = 1;
			remoteGlobalIDString = 3FFCCFF6294DFFF700FE6710;
			remoteInfo = HttpDog;
		};
/* End PBXContainerItemProxy section */

/* Begin PBXFileReference section */
		3FFCCFF7294DFFF700FE6710 /* HttpDog.app */ = {isa = PBXFileReference; explicitFileType = wrapper.application; includeInIndex = 0; path = HttpDog.app; sourceTree = BUILT_PRODUCTS_DIR; };
		3FFCCFFA294DFFF700FE6710 /* HttpDogApp.swift */ = {isa = PBXFileReference; lastKnownFileType = sourcecode.swift; path = HttpDogApp.swift; sourceTree = "<group>"; };
		3FFCCFFC294DFFF700FE6710 /* ContentView.swift */ = {isa = PBXFileReference; lastKnownFileType = sourcecode.swift; path = ContentView.swift; sourceTree = "<group>"; };
		3FFCCFFE294DFFF700FE6710 /* Assets.xcassets */ = {isa = PBXFileReference; lastKnownFileType = folder.assetcatalog; path = Assets.xcassets; sourceTree = "<group>"; };
		3FFCD000294DFFF700FE6710 /* HttpDog.entitlements */ = {isa = PBXFileReference; lastKnownFileType = text.plist.entitlements; path = HttpDog.entitlements; sourceTree = "<group>"; };
		3FFCD002294DFFF700FE6710 /* Preview Assets.xcassets */ = {isa = PBXFileReference; lastKnownFileType = folder.assetcatalog; path = "Preview Assets.xcassets"; sourceTree = "<group>"; };
		3FFCD008294DFFF800FE6710 /* HttpDogTests.xctest */ = {isa = PBXFileReference; explicitFileType = wrapper.cfbundle; includeInIndex = 0; path = HttpDogTests.xctest; sourceTree = BUILT_PRODUCTS_DIR; };
		3FFCD00C294DFFF800FE6710 /* HttpDogTests.swift */ = {isa = PBXFileReference; lastKnownFileType = sourcecode.swift; path = HttpDogTests.swift; sourceTree = "<group>"; };
		3FFCD012294DFFF800FE6710 /* HttpDogUITests.xctest */ = {isa = PBXFileReference; explicitFileType = wrapper.cfbundle; includeInIndex = 0; path = HttpDogUITests.xctest; sourceTree = BUILT_PRODUCTS_DIR; };
		3FFCD016294DFFF800FE6710 /* HttpDogUITests.swift */ = {isa = PBXFileReference; lastKnownFileType = sourcecode.swift; path = HttpDogUITests.swift; sourceTree = "<group>"; };
		3FFCD018294DFFF800FE6710 /* HttpDogUITestsLaunchTests.swift */ = {isa = PBXFileReference; lastKnownFileType = sourcecode.swift; path = HttpDogUITestsLaunchTests.swift; sourceTree = "<group>"; };
/* End PBXFileReference section */

/* Begin PBXFrameworksBuildPhase section */
		3FFCCFF4294DFFF700FE6710 /* Frameworks */ = {
			isa = PBXFrameworksBuildPhase;
			buildActionMask = 2147483647;
			files = (
			);
			runOnlyForDeploymentPostprocessing = 0;
		};
		3FFCD005294DFFF800FE6710 /* Frameworks */ = {
			isa = PBXFrameworksBuildPhase;
			buildActionMask = 2147483647;
			files = (
			);
			runOnlyForDeploymentPostprocessing = 0;
		};
		3FFCD00F294DFFF800FE6710 /* Frameworks */ = {
			isa = PBXFrameworksBuildPhase;
			buildActionMask = 2147483647;
			files = (
			);
			runOnlyForDeploymentPostprocessing = 0;
		};
/* End PBXFrameworksBuildPhase section */

/* Begin PBXGroup section */
		3FFCCFEE294DFFF700FE6710 = {
			isa = PBXGroup;
			children = (
				3FFCCFF9294DFFF700FE6710 /* HttpDog */,
				3FFCD00B294DFFF800FE6710 /* HttpDogTests */,
				3FFCD015294DFFF800FE6710 /* HttpDogUITests */,
				3FFCCFF8294DFFF700FE6710 /* Products */,
			);
			sourceTree = "<group>";
		};
		3FFCCFF8294DFFF700FE6710 /* Products */ = {
			isa = PBXGroup;
			children = (
				3FFCCFF7294DFFF700FE6710 /* HttpDog.app */,
				3FFCD008294DFFF800FE6710 /* HttpDogTests.xctest */,
				3FFCD012294DFFF800FE6710 /* HttpDogUITests.xctest */,
			);
			name = Products;
			sourceTree = "<group>";
		};
		3FFCCFF9294DFFF700FE6710 /* HttpDog */ = {
			isa = PBXGroup;
			children = (
				3FFCCFFA294DFFF700FE6710 /* HttpDogApp.swift */,
				3FFCCFFC294DFFF700FE6710 /* ContentView.swift */,
				3FFCCFFE294DFFF700FE6710 /* Assets.xcassets */,
				3FFCD000294DFFF700FE6710 /* HttpDog.entitlements */,
				3FFCD001294DFFF700FE6710 /* Preview Content */,
			);
			path = HttpDog;
			sourceTree = "<group>";
		};
		3FFCD001294DFFF700FE6710 /* Preview Content */ = {
			isa = PBXGroup;
			children = (
				3FFCD002294DFFF700FE6710 /* Preview Assets.xcassets */,
			);
			path = "Preview Content";
			sourceTree = "<group>";
		};
		3FFCD00B294DFFF800FE6710 /* HttpDogTests */ = {
			isa = PBXGroup;
			children = (
				3FFCD00C294DFFF800FE6710 /* HttpDogTests.swift */,
			);
			path = HttpDogTests;
			sourceTree = "<group>";
		};
		3FFCD015294DFFF800FE6710 /* HttpDogUITests */ = {
			isa = PBXGroup;
			children = (
				3FFCD016294DFFF800FE6710 /* HttpDogUITests.swift */,
				3FFCD018294DFFF800FE6710 /* HttpDogUITestsLaunchTests.swift */,
			);
			path = HttpDogUITests;
			sourceTree = "<group>";
		};
/* End PBXGroup section */

/* Begin PBXNativeTarget section */
		3FFCCFF6294DFFF700FE6710 /* HttpDog */ = {
			isa = PBXNativeTarget;
			buildConfigurationList = 3FFCD01C294DFFF800FE6710 /* Build configuration list for PBXNativeTarget "HttpDog" */;
			buildPhases = (
				3FFCCFF3294DFFF700FE6710 /* Sources */,
				3FFCCFF4294DFFF700FE6710 /* Frameworks */,
				3FFCCFF5294DFFF700FE6710 /* Resources */,
			);
			buildRules = (
			);
			dependencies = (
			);
			name = HttpDog;
			productName = HttpDog;
			productReference = 3FFCCFF7294DFFF700FE6710 /* HttpDog.app */;
			productType = "com.apple.product-type.application";
		};
		3FFCD007294DFFF800FE6710 /* HttpDogTests */ = {
			isa = PBXNativeTarget;
			buildConfigurationList = 3FFCD01F294DFFF800FE6710 /* Build configuration list for PBXNativeTarget "HttpDogTests" */;
			buildPhases = (
				3FFCD004294DFFF800FE6710 /* Sources */,
				3FFCD005294DFFF800FE6710 /* Frameworks */,
				3FFCD006294DFFF800FE6710 /* Resources */,
			);
			buildRules = (
			);
			dependencies = (
				3FFCD00A294DFFF800FE6710 /* PBXTargetDependency */,
			);
			name = HttpDogTests;
			productName = HttpDogTests;
			productReference = 3FFCD008294DFFF800FE6710 /* HttpDogTests.xctest */;
			productType = "com.apple.product-type.bundle.unit-test";
		};
		3FFCD011294DFFF800FE6710 /* HttpDogUITests */ = {
			isa = PBXNativeTarget;
			buildConfigurationList = 3FFCD022294DFFF800FE6710 /* Build configuration list for PBXNativeTarget "HttpDogUITests" */;
			buildPhases = (
				3FFCD00E294DFFF800FE6710 /* Sources */,
				3FFCD00F294DFFF800FE6710 /* Frameworks */,
				3FFCD010294DFFF800FE6710 /* Resources */,
			);
			buildRules = (
			);
			dependencies = (
				3FFCD014294DFFF800FE6710 /* PBXTargetDependency */,
			);
			name = HttpDogUITests;
			productName = HttpDogUITests;
			productReference = 3FFCD012294DFFF800FE6710 /* HttpDogUITests.xctest */;
			productType = "com.apple.product-type.bundle.ui-testing";
		};
/* End PBXNativeTarget section */

/* Begin PBXProject section */
		3FFCCFEF294DFFF700FE6710 /* Project object */ = {
			isa = PBXProject;
			attributes = {
				BuildIndependentTargetsInParallel = 1;
				LastSwiftUpdateCheck = 1420;
				LastUpgradeCheck = 1420;
				TargetAttributes = {
					3FFCCFF6294DFFF700FE6710 = {
						CreatedOnToolsVersion = 14.2;
					};
					3FFCD007294DFFF800FE6710 = {
						CreatedOnToolsVersion = 14.2;
						TestTargetID = 3FFCCFF6294DFFF700FE6710;
					};
					3FFCD011294DFFF800FE6710 = {
						CreatedOnToolsVersion = 14.2;
						TestTargetID = 3FFCCFF6294DFFF700FE6710;
					};
				};
			};
			buildConfigurationList = 3FFCCFF2294DFFF700FE6710 /* Build configuration list for PBXProject "HttpDog" */;
			compatibilityVersion = "Xcode 14.0";
			developmentRegion = en;
			hasScannedForEncodings = 0;
			knownRegions = (
				en,
				Base,
			);
			mainGroup = 3FFCCFEE294DFFF700FE6710;
			productRefGroup = 3FFCCFF8294DFFF700FE6710 /* Products */;
			projectDirPath = "";
			projectRoot = "";
			targets = (
				3FFCCFF6294DFFF700FE6710 /* HttpDog */,
				3FFCD007294DFFF800FE6710 /* HttpDogTests */,
				3FFCD011294DFFF800FE6710 /* HttpDogUITests */,
			);
		};
/* End PBXProject section */

/* Begin PBXResourcesBuildPhase section */
		3FFCCFF5294DFFF700FE6710 /* Resources */ = {
			isa = PBXResourcesBuildPhase;
			buildActionMask = 2147483647;
			files = (
				3FFCD003294DFFF700FE6710 /* Preview Assets.xcassets in Resources */,
				3FFCCFFF294DFFF700FE6710 /* Assets.xcassets in Resources */,
			);
			runOnlyForDeploymentPostprocessing = 0;
		};
		3FFCD006294DFFF800FE6710 /* Resources */ = {
			isa = PBXResourcesBuildPhase;
			buildActionMask = 2147483647;
			files = (
			);
			runOnlyForDeploymentPostprocessing = 0;
		};
		3FFCD010294DFFF800FE6710 /* Resources */ = {
			isa = PBXResourcesBuildPhase;
			buildActionMask = 2147483647;
			files = (
			);
			runOnlyForDeploymentPostprocessing = 0;
		};
/* End PBXResourcesBuildPhase section */

/* Begin PBXSourcesBuildPhase section */
		3FFCCFF3294DFFF700FE6710 /* Sources */ = {
			isa = PBXSourcesBuildPhase;
			buildActionMask = 2147483647;
			files = (
				3FFCCFFD294DFFF700FE6710 /* ContentView.swift in Sources */,
				3FFCCFFB294DFFF700FE6710 /* HttpDogApp.swift in Sources */,
			);
			runOnlyForDeploymentPostprocessing = 0;
		};
		3FFCD004294DFFF800FE6710 /* Sources */ = {
			isa = PBXSourcesBuildPhase;
			buildActionMask = 2147483647;
			files = (
				3FFCD00D294DFFF800FE6710 /* HttpDogTests.swift in Sources */,
			);
			runOnlyForDeploymentPostprocessing = 0;
		};
		3FFCD00E294DFFF800FE6710 /* Sources */ = {
			isa = PBXSourcesBuildPhase;
			buildActionMask = 2147483647;
			files = (
				3FFCD017294DFFF800FE6710 /* HttpDogUITests.swift in Sources */,
				3FFCD019294DFFF800FE6710 /* HttpDogUITestsLaunchTests.swift in Sources */,
			);
			runOnlyForDeploymentPostprocessing = 0;
		};
/* End PBXSourcesBuildPhase section */

/* Begin PBXTargetDependency section */
		3FFCD00A294DFFF800FE6710 /* PBXTargetDependency */ = {
			isa = PBXTargetDependency;
			target = 3FFCCFF6294DFFF700FE6710 /* HttpDog */;
			targetProxy = 3FFCD009294DFFF800FE6710 /* PBXContainerItemProxy */;
		};
		3FFCD014294DFFF800FE6710 /* PBXTargetDependency */ = {
			isa = PBXTargetDependency;
			target = 3FFCCFF6294DFFF700FE6710 /* HttpDog */;
			targetProxy = 3FFCD013294DFFF800FE6710 /* PBXContainerItemProxy */;
		};
/* End PBXTargetDependency section */

/* Begin XCBuildConfiguration section */
		3FFCD01A294DFFF800FE6710 /* Debug */ = {
			isa = XCBuildConfiguration;
			buildSettings = {
				ALWAYS_SEARCH_USER_PATHS = NO;
				CLANG_ANALYZER_NONNULL = YES;
				CLANG_ANALYZER_NUMBER_OBJECT_CONVERSION = YES_AGGRESSIVE;
				CLANG_CXX_LANGUAGE_STANDARD = "gnu++20";
				CLANG_ENABLE_MODULES = YES;
				CLANG_ENABLE_OBJC_ARC = YES;
				CLANG_ENABLE_OBJC_WEAK = YES;
				CLANG_WARN_BLOCK_CAPTURE_AUTORELEASING = YES;
				CLANG_WARN_BOOL_CONVERSION = YES;
				CLANG_WARN_COMMA = YES;
				CLANG_WARN_CONSTANT_CONVERSION = YES;
				CLANG_WARN_DEPRECATED_OBJC_IMPLEMENTATIONS = YES;
				CLANG_WARN_DIRECT_OBJC_ISA_USAGE = YES_ERROR;
				CLANG_WARN_DOCUMENTATION_COMMENTS = YES;
				CLANG_WARN_EMPTY_BODY = YES;
				CLANG_WARN_ENUM_CONVERSION = YES;
				CLANG_WARN_INFINITE_RECURSION = YES;
				CLANG_WARN_INT_CONVERSION = YES;
				CLANG_WARN_NON_LITERAL_NULL_CONVERSION = YES;
				CLANG_WARN_OBJC_IMPLICIT_RETAIN_SELF = YES;
				CLANG_WARN_OBJC_LITERAL_CONVERSION = YES;
				CLANG_WARN_OBJC_ROOT_CLASS = YES_ERROR;
				CLANG_WARN_QUOTED_INCLUDE_IN_FRAMEWORK_HEADER = YES;
				CLANG_WARN_RANGE_LOOP_ANALYSIS = YES;
				CLANG_WARN_STRICT_PROTOTYPES = YES;
				CLANG_WARN_SUSPICIOUS_MOVE = YES;
				CLANG_WARN_UNGUARDED_AVAILABILITY = YES_AGGRESSIVE;
				CLANG_WARN_UNREACHABLE_CODE = YES;
				CLANG_WARN__DUPLICATE_METHOD_MATCH = YES;
				COPY_PHASE_STRIP = NO;
				DEBUG_INFORMATION_FORMAT = dwarf;
				ENABLE_STRICT_OBJC_MSGSEND = YES;
				ENABLE_TESTABILITY = YES;
				GCC_C_LANGUAGE_STANDARD = gnu11;
				GCC_DYNAMIC_NO_PIC = NO;
				GCC_NO_COMMON_BLOCKS = YES;
				GCC_OPTIMIZATION_LEVEL = 0;
				GCC_PREPROCESSOR_DEFINITIONS = (
					"DEBUG=1",
					"$(inherited)",
				);
				GCC_WARN_64_TO_32_BIT_CONVERSION = YES;
				GCC_WARN_ABOUT_RETURN_TYPE = YES_ERROR;
				GCC_WARN_UNDECLARED_SELECTOR = YES;
				GCC_WARN_UNINITIALIZED_AUTOS = YES_AGGRESSIVE;
				GCC_WARN_UNUSED_FUNCTION = YES;
				GCC_WARN_UNUSED_VARIABLE = YES;
				MTL_ENABLE_DEBUG_INFO = INCLUDE_SOURCE;
				MTL_FAST_MATH = YES;
				ONLY_ACTIVE_ARCH = YES;
				SWIFT_ACTIVE_COMPILATION_CONDITIONS = DEBUG;
				SWIFT_OPTIMIZATION_LEVEL = "-Onone";
			};
			name = Debug;
		};
		3FFCD01B294DFFF800FE6710 /* Release */ = {
			isa = XCBuildConfiguration;
			buildSettings = {
				ALWAYS_SEARCH_USER_PATHS = NO;
				CLANG_ANALYZER_NONNULL = YES;
				CLANG_ANALYZER_NUMBER_OBJECT_CONVERSION = YES_AGGRESSIVE;
				CLANG_CXX_LANGUAGE_STANDARD = "gnu++20";
				CLANG_ENABLE_MODULES = YES;
				CLANG_ENABLE_OBJC_ARC = YES;
				CLANG_ENABLE_OBJC_WEAK = YES;
				CLANG_WARN_BLOCK_CAPTURE_AUTORELEASING = YES;
				CLANG_WARN_BOOL_CONVERSION = YES;
				CLANG_WARN_COMMA = YES;
				CLANG_WARN_CONSTANT_CONVERSION = YES;
				CLANG_WARN_DEPRECATED_OBJC_IMPLEMENTATIONS = YES;
				CLANG_WARN_DIRECT_OBJC_ISA_USAGE = YES_ERROR;
				CLANG_WARN_DOCUMENTATION_COMMENTS = YES;
				CLANG_WARN_EMPTY_BODY = YES;
				CLANG_WARN_ENUM_CONVERSION = YES;
				CLANG_WARN_INFINITE_RECURSION = YES;
				CLANG_WARN_INT_CONVERSION = YES;
				CLANG_WARN_NON_LITERAL_NULL_CONVERSION = YES;
				CLANG_WARN_OBJC_IMPLICIT_RETAIN_SELF = YES;
				CLANG_WARN_OBJC_LITERAL_CONVERSION = YES;
				CLANG_WARN_OBJC_ROOT_CLASS = YES_ERROR;
				CLANG_WARN_QUOTED_INCLUDE_IN_FRAMEWORK_HEADER = YES;
				CLANG_WARN_RANGE_LOOP_ANALYSIS = YES;
				CLANG_WARN_STRICT_PROTOTYPES = YES;
				CLANG_WARN_SUSPICIOUS_MOVE = YES;
				CLANG_WARN_UNGUARDED_AVAILABILITY = YES_AGGRESSIVE;
				CLANG_WARN_UNREACHABLE_CODE = YES;
				CLANG_WARN__DUPLICATE_METHOD_MATCH = YES;
				COPY_PHASE_STRIP = NO;
				DEBUG_INFORMATION_FORMAT = "dwarf-with-dsym";
				ENABLE_NS_ASSERTIONS = NO;
				ENABLE_STRICT_OBJC_MSGSEND = YES;
				GCC_C_LANGUAGE_STANDARD = gnu11;
				GCC_NO_COMMON_BLOCKS = YES;
				GCC_WARN_64_TO_32_BIT_CONVERSION = YES;
				GCC_WARN_ABOUT_RETURN_TYPE = YES_ERROR;
				GCC_WARN_UNDECLARED_SELECTOR = YES;
				GCC_WARN_UNINITIALIZED_AUTOS = YES_AGGRESSIVE;
				GCC_WARN_UNUSED_FUNCTION = YES;
				GCC_WARN_UNUSED_VARIABLE = YES;
				MTL_ENABLE_DEBUG_INFO = NO;
				MTL_FAST_MATH = YES;
				SWIFT_COMPILATION_MODE = wholemodule;
				SWIFT_OPTIMIZATION_LEVEL = "-O";
			};
			name = Release;
		};
		3FFCD01D294DFFF800FE6710 /* Debug */ = {
			isa = XCBuildConfiguration;
			buildSettings = {
				ASSETCATALOG_COMPILER_APPICON_NAME = AppIcon;
				ASSETCATALOG_COMPILER_GLOBAL_ACCENT_COLOR_NAME = AccentColor;
				CODE_SIGN_ENTITLEMENTS = HttpDog/HttpDog.entitlements;
				CODE_SIGN_STYLE = Automatic;
				CURRENT_PROJECT_VERSION = 1;
				DEVELOPMENT_ASSET_PATHS = "\"HttpDog/Preview Content\"";
				DEVELOPMENT_TEAM = N22PJBS26Y;
				ENABLE_HARDENED_RUNTIME = YES;
				ENABLE_PREVIEWS = YES;
				GENERATE_INFOPLIST_FILE = YES;
				"INFOPLIST_KEY_UIApplicationSceneManifest_Generation[sdk=iphoneos*]" = YES;
				"INFOPLIST_KEY_UIApplicationSceneManifest_Generation[sdk=iphonesimulator*]" = YES;
				"INFOPLIST_KEY_UIApplicationSupportsIndirectInputEvents[sdk=iphoneos*]" = YES;
				"INFOPLIST_KEY_UIApplicationSupportsIndirectInputEvents[sdk=iphonesimulator*]" = YES;
				"INFOPLIST_KEY_UILaunchScreen_Generation[sdk=iphoneos*]" = YES;
				"INFOPLIST_KEY_UILaunchScreen_Generation[sdk=iphonesimulator*]" = YES;
				"INFOPLIST_KEY_UIStatusBarStyle[sdk=iphoneos*]" = UIStatusBarStyleDefault;
				"INFOPLIST_KEY_UIStatusBarStyle[sdk=iphonesimulator*]" = UIStatusBarStyleDefault;
				INFOPLIST_KEY_UISupportedInterfaceOrientations_iPad = "UIInterfaceOrientationPortrait UIInterfaceOrientationPortraitUpsideDown UIInterfaceOrientationLandscapeLeft UIInterfaceOrientationLandscapeRight";
				INFOPLIST_KEY_UISupportedInterfaceOrientations_iPhone = "UIInterfaceOrientationPortrait UIInterfaceOrientationLandscapeLeft UIInterfaceOrientationLandscapeRight";
				IPHONEOS_DEPLOYMENT_TARGET = 16.2;
				LD_RUNPATH_SEARCH_PATHS = "@executable_path/Frameworks";
				"LD_RUNPATH_SEARCH_PATHS[sdk=macosx*]" = "@executable_path/../Frameworks";
				MACOSX_DEPLOYMENT_TARGET = 13.0;
				MARKETING_VERSION = 1.0;
				PRODUCT_BUNDLE_IDENTIFIER = dev.buhe.HttpDog;
				PRODUCT_NAME = "$(TARGET_NAME)";
				SDKROOT = auto;
				SUPPORTED_PLATFORMS = "iphoneos iphonesimulator macosx";
				SWIFT_EMIT_LOC_STRINGS = YES;
				SWIFT_VERSION = 5.0;
				TARGETED_DEVICE_FAMILY = "1,2";
			};
			name = Debug;
		};
		3FFCD01E294DFFF800FE6710 /* Release */ = {
			isa = XCBuildConfiguration;
			buildSettings = {
				ASSETCATALOG_COMPILER_APPICON_NAME = AppIcon;
				ASSETCATALOG_COMPILER_GLOBAL_ACCENT_COLOR_NAME = AccentColor;
				CODE_SIGN_ENTITLEMENTS = HttpDog/HttpDog.entitlements;
				CODE_SIGN_STYLE = Automatic;
				CURRENT_PROJECT_VERSION = 1;
				DEVELOPMENT_ASSET_PATHS = "\"HttpDog/Preview Content\"";
				DEVELOPMENT_TEAM = N22PJBS26Y;
				ENABLE_HARDENED_RUNTIME = YES;
				ENABLE_PREVIEWS = YES;
				GENERATE_INFOPLIST_FILE = YES;
				"INFOPLIST_KEY_UIApplicationSceneManifest_Generation[sdk=iphoneos*]" = YES;
				"INFOPLIST_KEY_UIApplicationSceneManifest_Generation[sdk=iphonesimulator*]" = YES;
				"INFOPLIST_KEY_UIApplicationSupportsIndirectInputEvents[sdk=iphoneos*]" = YES;
				"INFOPLIST_KEY_UIApplicationSupportsIndirectInputEvents[sdk=iphonesimulator*]" = YES;
				"INFOPLIST_KEY_UILaunchScreen_Generation[sdk=iphoneos*]" = YES;
				"INFOPLIST_KEY_UILaunchScreen_Generation[sdk=iphonesimulator*]" = YES;
				"INFOPLIST_KEY_UIStatusBarStyle[sdk=iphoneos*]" = UIStatusBarStyleDefault;
				"INFOPLIST_KEY_UIStatusBarStyle[sdk=iphonesimulator*]" = UIStatusBarStyleDefault;
				INFOPLIST_KEY_UISupportedInterfaceOrientations_iPad = "UIInterfaceOrientationPortrait UIInterfaceOrientationPortraitUpsideDown UIInterfaceOrientationLandscapeLeft UIInterfaceOrientationLandscapeRight";
				INFOPLIST_KEY_UISupportedInterfaceOrientations_iPhone = "UIInterfaceOrientationPortrait UIInterfaceOrientationLandscapeLeft UIInterfaceOrientationLandscapeRight";
				IPHONEOS_DEPLOYMENT_TARGET = 16.2;
				LD_RUNPATH_SEARCH_PATHS = "@executable_path/Frameworks";
				"LD_RUNPATH_SEARCH_PATHS[sdk=macosx*]" = "@executable_path/../Frameworks";
				MACOSX_DEPLOYMENT_TARGET = 13.0;
				MARKETING_VERSION = 1.0;
				PRODUCT_BUNDLE_IDENTIFIER = dev.buhe.HttpDog;
				PRODUCT_NAME = "$(TARGET_NAME)";
				SDKROOT = auto;
				SUPPORTED_PLATFORMS = "iphoneos iphonesimulator macosx";
				SWIFT_EMIT_LOC_STRINGS = YES;
				SWIFT_VERSION = 5.0;
				TARGETED_DEVICE_FAMILY = "1,2";
			};
			name = Release;
		};
		3FFCD020294DFFF800FE6710 /* Debug */ = {
			isa = XCBuildConfiguration;
			buildSettings = {
				ALWAYS_EMBED_SWIFT_STANDARD_LIBRARIES = YES;
				BUNDLE_LOADER = "$(TEST_HOST)";
				CODE_SIGN_STYLE = Automatic;
				CURRENT_PROJECT_VERSION = 1;
				DEVELOPMENT_TEAM = N22PJBS26Y;
				GENERATE_INFOPLIST_FILE = YES;
				IPHONEOS_DEPLOYMENT_TARGET = 16.2;
				MACOSX_DEPLOYMENT_TARGET = 13.0;
				MARKETING_VERSION = 1.0;
				PRODUCT_BUNDLE_IDENTIFIER = dev.buhe.HttpDogTests;
				PRODUCT_NAME = "$(TARGET_NAME)";
				SDKROOT = auto;
				SUPPORTED_PLATFORMS = "iphoneos iphonesimulator macosx";
				SWIFT_EMIT_LOC_STRINGS = NO;
				SWIFT_VERSION = 5.0;
				TARGETED_DEVICE_FAMILY = "1,2";
				TEST_HOST = "$(BUILT_PRODUCTS_DIR)/HttpDog.app/$(BUNDLE_EXECUTABLE_FOLDER_PATH)/HttpDog";
			};
			name = Debug;
		};
		3FFCD021294DFFF800FE6710 /* Release */ = {
			isa = XCBuildConfiguration;
			buildSettings = {
				ALWAYS_EMBED_SWIFT_STANDARD_LIBRARIES = YES;
				BUNDLE_LOADER = "$(TEST_HOST)";
				CODE_SIGN_STYLE = Automatic;
				CURRENT_PROJECT_VERSION = 1;
				DEVELOPMENT_TEAM = N22PJBS26Y;
				GENERATE_INFOPLIST_FILE = YES;
				IPHONEOS_DEPLOYMENT_TARGET = 16.2;
				MACOSX_DEPLOYMENT_TARGET = 13.0;
				MARKETING_VERSION = 1.0;
				PRODUCT_BUNDLE_IDENTIFIER = dev.buhe.HttpDogTests;
				PRODUCT_NAME = "$(TARGET_NAME)";
				SDKROOT = auto;
				SUPPORTED_PLATFORMS = "iphoneos iphonesimulator macosx";
				SWIFT_EMIT_LOC_STRINGS = NO;
				SWIFT_VERSION = 5.0;
				TARGETED_DEVICE_FAMILY = "1,2";
				TEST_HOST = "$(BUILT_PRODUCTS_DIR)/HttpDog.app/$(BUNDLE_EXECUTABLE_FOLDER_PATH)/HttpDog";
			};
			name = Release;
		};
		3FFCD023294DFFF800FE6710 /* Debug */ = {
			isa = XCBuildConfiguration;
			buildSettings = {
				ALWAYS_EMBED_SWIFT_STANDARD_LIBRARIES = YES;
				CODE_SIGN_STYLE = Automatic;
				CURRENT_PROJECT_VERSION = 1;
				DEVELOPMENT_TEAM = N22PJBS26Y;
				GENERATE_INFOPLIST_FILE = YES;
				IPHONEOS_DEPLOYMENT_TARGET = 16.2;
				MACOSX_DEPLOYMENT_TARGET = 13.0;
				MARKETING_VERSION = 1.0;
				PRODUCT_BUNDLE_IDENTIFIER = dev.buhe.HttpDogUITests;
				PRODUCT_NAME = "$(TARGET_NAME)";
				SDKROOT = auto;
				SUPPORTED_PLATFORMS = "iphoneos iphonesimulator macosx";
				SWIFT_EMIT_LOC_STRINGS = NO;
				SWIFT_VERSION = 5.0;
				TARGETED_DEVICE_FAMILY = "1,2";
				TEST_TARGET_NAME = HttpDog;
			};
			name = Debug;
		};
		3FFCD024294DFFF800FE6710 /* Release */ = {
			isa = XCBuildConfiguration;
			buildSettings = {
				ALWAYS_EMBED_SWIFT_STANDARD_LIBRARIES = YES;
				CODE_SIGN_STYLE = Automatic;
				CURRENT_PROJECT_VERSION = 1;
				DEVELOPMENT_TEAM = N22PJBS26Y;
				GENERATE_INFOPLIST_FILE = YES;
				IPHONEOS_DEPLOYMENT_TARGET = 16.2;
				MACOSX_DEPLOYMENT_TARGET = 13.0;
				MARKETING_VERSION = 1.0;
				PRODUCT_BUNDLE_IDENTIFIER = dev.buhe.HttpDogUITests;
				PRODUCT_NAME = "$(TARGET_NAME)";
				SDKROOT = auto;
				SUPPORTED_PLATFORMS = "iphoneos iphonesimulator macosx";
				SWIFT_EMIT_LOC_STRINGS = NO;
				SWIFT_VERSION = 5.0;
				TARGETED_DEVICE_FAMILY = "1,2";
				TEST_TARGET_NAME = HttpDog;
			};
			name = Release;
		};
/* End XCBuildConfiguration section */

/* Begin XCConfigurationList section */
		3FFCCFF2294DFFF700FE6710 /* Build configuration list for PBXProject "HttpDog" */ = {
			isa = XCConfigurationList;
			buildConfigurations = (
				3FFCD01A294DFFF800FE6710 /* Debug */,
				3FFCD01B294DFFF800FE6710 /* Release */,
			);
			defaultConfigurationIsVisible = 0;
			defaultConfigurationName = Release;
		};
		3FFCD01C294DFFF800FE6710 /* Build configuration list for PBXNativeTarget "HttpDog" */ = {
			isa = XCConfigurationList;
			buildConfigurations = (
				3FFCD01D294DFFF800FE6710 /* Debug */,
				3FFCD01E294DFFF800FE6710 /* Release */,
			);
			defaultConfigurationIsVisible = 0;
			defaultConfigurationName = Release;
		};
		3FFCD01F294DFFF800FE6710 /* Build configuration list for PBXNativeTarget "HttpDogTests" */ = {
			isa = XCConfigurationList;
			buildConfigurations = (
				3FFCD020294DFFF800FE6710 /* Debug */,
				3FFCD021294DFFF800FE6710 /* Release */,
			);
			defaultConfigurationIsVisible = 0;
			defaultConfigurationName = Release;
		};
		3FFCD022294DFFF800FE6710 /* Build configuration list for PBXNativeTarget "HttpDogUITests" */ = {
			isa = XCConfigurationList;
			buildConfigurations = (
				3FFCD023294DFFF800FE6710 /* Debug */,
				3FFCD024294DFFF800FE6710 /* Release */,
			);
			defaultConfigurationIsVisible = 0;
			defaultConfigurationName = Release;
		};
/* End XCConfigurationList section */
	};
	rootObject = 3FFCCFEF294DFFF700FE6710 /* Project object */;
}
